
Microsoft Visual Studio Solution File, Format Version 12.00
# Visual Studio Version 17
VisualStudioVersion = 17.11.35327.3
MinimumVisualStudioVersion = 10.0.40219.1
Project("{FAE04EC0-301F-11D3-BF4B-00C04F79EFBC}") = "Task6.Core", "Task6.Core\Task6.Core.csproj", "{3E6BB5E8-D5DD-4B19-ACDB-8CF2779F7328}"
EndProject
Project("{FAE04EC0-301F-11D3-BF4B-00C04F79EFBC}") = "Task6.BL", "Task6.BL\Task6.BL.csproj", "{3E25381B-8D01-484E-BAF7-6E6126A70F5D}"
EndProject
Project("{FAE04EC0-301F-11D3-BF4B-00C04F79EFBC}") = "Task6.DAL", "Task6.DAL\Task6.DAL.csproj", "{EBD4235C-F06B-438A-8703-0939B4160221}"
EndProject
Global
	GlobalSection(SolutionConfigurationPlatforms) = preSolution
		Debug|Any CPU = Debug|Any CPU
		Release|Any CPU = Release|Any CPU
	EndGlobalSection
	GlobalSection(ProjectConfigurationPlatforms) = postSolution
		{3E6BB5E8-D5DD-4B19-ACDB-8CF2779F7328}.Debug|Any CPU.ActiveCfg = Debug|Any CPU
		{3E6BB5E8-D5DD-4B19-ACDB-8CF2779F7328}.Debug|Any CPU.Build.0 = Debug|Any CPU
		{3E6BB5E8-D5DD-4B19-ACDB-8CF2779F7328}.Release|Any CPU.ActiveCfg = Release|Any CPU
		{3E6BB5E8-D5DD-4B19-ACDB-8CF2779F7328}.Release|Any CPU.Build.0 = Release|Any CPU
		{3E25381B-8D01-484E-BAF7-6E6126A70F5D}.Debug|Any CPU.ActiveCfg = Debug|Any CPU
		{3E25381B-8D01-484E-BAF7-6E6126A70F5D}.Debug|Any CPU.Build.0 = Debug|Any CPU
		{3E25381B-8D01-484E-BAF7-6E6126A70F5D}.Release|Any CPU.ActiveCfg = Release|Any CPU
		{3E25381B-8D01-484E-BAF7-6E6126A70F5D}.Release|Any CPU.Build.0 = Release|Any CPU
		{EBD4235C-F06B-438A-8703-0939B4160221}.Debug|Any CPU.ActiveCfg = Debug|Any CPU
		{EBD4235C-F06B-438A-8703-0939B4160221}.Debug|Any CPU.Build.0 = Debug|Any CPU
		{EBD4235C-F06B-438A-8703-0939B4160221}.Release|Any CPU.ActiveCfg = Release|Any CPU
		{EBD4235C-F06B-438A-8703-0939B4160221}.Release|Any CPU.Build.0 = Release|Any CPU
	EndGlobalSection
	GlobalSection(SolutionProperties) = preSolution
		HideSolutionNode = FALSE
	EndGlobalSection
	GlobalSection(ExtensibilityGlobals) = postSolution
		SolutionGuid = {BBD8B89D-0220-4223-8CEE-5CBFD243F6B7}
	EndGlobalSection
EndGlobal
